
Microsoft Visual Studio Solution File, Format Version 12.00
# Visual Studio 15
VisualStudioVersion = 15.0.27428.2037
MinimumVisualStudioVersion = 10.0.40219.1
Project("{FAE04EC0-301F-11D3-BF4B-00C04F79EFBC}") = "DecentUI_WPF", "DecentUI_WPF\DecentUI_WPF.csproj", "{50EBAEE4-35EB-43A7-80E7-0A41A5185AE4}"
EndProject
Global
	GlobalSection(SolutionConfigurationPlatforms) = preSolution
		Debug|Any CPU = Debug|Any CPU
		Release|Any CPU = Release|Any CPU
	EndGlobalSection
	GlobalSection(ProjectConfigurationPlatforms) = postSolution
		{50EBAEE4-35EB-43A7-80E7-0A41A5185AE4}.Debug|Any CPU.ActiveCfg = Debug|Any CPU
		{50EBAEE4-35EB-43A7-80E7-0A41A5185AE4}.Debug|Any CPU.Build.0 = Debug|Any CPU
		{50EBAEE4-35EB-43A7-80E7-0A41A5185AE4}.Release|Any CPU.ActiveCfg = Release|Any CPU
		{50EBAEE4-35EB-43A7-80E7-0A41A5185AE4}.Release|Any CPU.Build.0 = Release|Any CPU
	EndGlobalSection
	GlobalSection(SolutionProperties) = preSolution
		HideSolutionNode = FALSE
	EndGlobalSection
	GlobalSection(ExtensibilityGlobals) = postSolution
		SolutionGuid = {720A9019-CE9A-4744-B725-B5F07D7EA056}
	EndGlobalSection
EndGlobal
